
Microsoft Visual Studio Solution File, Format Version 12.00
# Visual Studio Version 16
VisualStudioVersion = 16.0.30523.141
MinimumVisualStudioVersion = 10.0.40219.1
Project("{FAE04EC0-301F-11D3-BF4B-00C04F79EFBC}") = "AzureWebAppDemo", "AzureWebAppDemo.csproj", "{30572916-C6B3-4610-992E-CE32B0C5539B}"
EndProject
Global
	GlobalSection(SolutionConfigurationPlatforms) = preSolution
		Debug|Any CPU = Debug|Any CPU
		Release|Any CPU = Release|Any CPU
	EndGlobalSection
	GlobalSection(ProjectConfigurationPlatforms) = postSolution
		{30572916-C6B3-4610-992E-CE32B0C5539B}.Debug|Any CPU.ActiveCfg = Debug|Any CPU
		{30572916-C6B3-4610-992E-CE32B0C5539B}.Debug|Any CPU.Build.0 = Debug|Any CPU
		{30572916-C6B3-4610-992E-CE32B0C5539B}.Release|Any CPU.ActiveCfg = Release|Any CPU
		{30572916-C6B3-4610-992E-CE32B0C5539B}.Release|Any CPU.Build.0 = Release|Any CPU
	EndGlobalSection
	GlobalSection(SolutionProperties) = preSolution
		HideSolutionNode = FALSE
	EndGlobalSection
	GlobalSection(ExtensibilityGlobals) = postSolution
		SolutionGuid = {AD388D6E-6335-4A88-929A-04672A6C7553}
	EndGlobalSection
EndGlobal
